version = 1
revision = 3
requires-python = ">=3.9"

[[package]]
name = "slack-readback-bot"
version = "0.1.0"
source = { virtual = "." }
dependencies = [
    { name = "slack-sdk" },
]

[package.metadata]
requires-dist = [{ name = "slack-sdk", specifier = ">=3.27" }]

[[package]]
name = "slack-sdk"
version = "3.43.0"
source = { registry = "https://pypi.org/simple" }
sdist = { url = "https://files.pythonhosted.org/packages/13/75/a4964eb771a0c74d79ee7a3bee6fb5d9718909dd1b675e80d62a6a0ad90a/slack_sdk-3.43.0.tar.gz", hash = "sha256:0553152e46c4259eb69f7464cdadc35ba4802ca10f9f5a849c92cf03d6c2ba07", size = 252769, upload-time = "2026-06-30T18:04:41.59Z" }
wheels = [
    { url = "https://files.pythonhosted.org/packages/e4/55/42141b8338d46323d5b3c6095201b044c670c20f898643b322ea9b1543a1/slack_sdk-3.43.0-py2.py3-none-any.whl", hash = "sha256:4b6557c65577fc172f685af218b811f9f3b4909e24cddd839ada09565f10c585", size = 315866, upload-time = "2026-06-30T18:04:39.636Z" },
]
